
Microsoft Visual Studio Solution File, Format Version 12.00
# Visual Studio Version 17
VisualStudioVersion = 17.4.33213.308
MinimumVisualStudioVersion = 10.0.40219.1
Project("{FAE04EC0-301F-11D3-BF4B-00C04F79EFBC}") = "FirstAPP", "FirstAPP\FirstAPP.csproj", "{EBF47CF6-7249-4457-9F07-94EAC2856908}"
EndProject
Global
	GlobalSection(SolutionConfigurationPlatforms) = preSolution
		Debug|Any CPU = Debug|Any CPU
		Release|Any CPU = Release|Any CPU
	EndGlobalSection
	GlobalSection(ProjectConfigurationPlatforms) = postSolution
		{EBF47CF6-7249-4457-9F07-94EAC2856908}.Debug|Any CPU.ActiveCfg = Debug|Any CPU
		{EBF47CF6-7249-4457-9F07-94EAC2856908}.Debug|Any CPU.Build.0 = Debug|Any CPU
		{EBF47CF6-7249-4457-9F07-94EAC2856908}.Release|Any CPU.ActiveCfg = Release|Any CPU
		{EBF47CF6-7249-4457-9F07-94EAC2856908}.Release|Any CPU.Build.0 = Release|Any CPU
	EndGlobalSection
	GlobalSection(SolutionProperties) = preSolution
		HideSolutionNode = FALSE
	EndGlobalSection
	GlobalSection(ExtensibilityGlobals) = postSolution
		SolutionGuid = {FE113F4D-B97E-45E0-A47D-95E45746F03A}
	EndGlobalSection
EndGlobal
